
Microsoft Visual Studio Solution File, Format Version 12.00
# Visual Studio Version 17
VisualStudioVersion = 17.3.32929.385
MinimumVisualStudioVersion = 10.0.40219.1
Project("{9A19103F-16F7-4668-BE54-9A1E7A4F7556}") = "Keyboard HeatMap", "Keyboard HeatMap\Keyboard HeatMap.csproj", "{45619909-463E-4A3D-A76F-759CFFD3A8C8}"
EndProject
Project("{54435603-DBB4-11D2-8724-00A0C9A8B90C}") = "Keyboard HeatMap Installer", "Keyboard HeatMap Installer\Keyboard HeatMap Installer.vdproj", "{B6E333BC-3A96-4EF9-8B83-FF25D95D027A}"
EndProject
Global
	GlobalSection(SolutionConfigurationPlatforms) = preSolution
		Debug|Any CPU = Debug|Any CPU
		Release|Any CPU = Release|Any CPU
	EndGlobalSection
	GlobalSection(ProjectConfigurationPlatforms) = postSolution
		{45619909-463E-4A3D-A76F-759CFFD3A8C8}.Debug|Any CPU.ActiveCfg = Debug|Any CPU
		{45619909-463E-4A3D-A76F-759CFFD3A8C8}.Debug|Any CPU.Build.0 = Debug|Any CPU
		{45619909-463E-4A3D-A76F-759CFFD3A8C8}.Release|Any CPU.ActiveCfg = Release|Any CPU
		{45619909-463E-4A3D-A76F-759CFFD3A8C8}.Release|Any CPU.Build.0 = Release|Any CPU
		{B6E333BC-3A96-4EF9-8B83-FF25D95D027A}.Debug|Any CPU.ActiveCfg = Debug
		{B6E333BC-3A96-4EF9-8B83-FF25D95D027A}.Release|Any CPU.ActiveCfg = Release
	EndGlobalSection
	GlobalSection(SolutionProperties) = preSolution
		HideSolutionNode = FALSE
	EndGlobalSection
	GlobalSection(ExtensibilityGlobals) = postSolution
		SolutionGuid = {EC627A7D-3150-4027-9AB0-818E828205FC}
	EndGlobalSection
EndGlobal
